
Microsoft Visual Studio Solution File, Format Version 12.00
# Visual Studio Version 17
VisualStudioVersion = 17.14.36623.8
MinimumVisualStudioVersion = 10.0.40219.1
Project("{FAE04EC0-301F-11D3-BF4B-00C04F79EFBC}") = "VetClinic.Web", "VetClinic.Web\VetClinic.Web.csproj", "{5653C5DB-EEDC-4E8F-9414-CBC3161393FE}"
EndProject
Global
	GlobalSection(SolutionConfigurationPlatforms) = preSolution
		Debug|Any CPU = Debug|Any CPU
		Release|Any CPU = Release|Any CPU
	EndGlobalSection
	GlobalSection(ProjectConfigurationPlatforms) = postSolution
		{5653C5DB-EEDC-4E8F-9414-CBC3161393FE}.Debug|Any CPU.ActiveCfg = Debug|Any CPU
		{5653C5DB-EEDC-4E8F-9414-CBC3161393FE}.Debug|Any CPU.Build.0 = Debug|Any CPU
		{5653C5DB-EEDC-4E8F-9414-CBC3161393FE}.Release|Any CPU.ActiveCfg = Release|Any CPU
		{5653C5DB-EEDC-4E8F-9414-CBC3161393FE}.Release|Any CPU.Build.0 = Release|Any CPU
	EndGlobalSection
	GlobalSection(SolutionProperties) = preSolution
		HideSolutionNode = FALSE
	EndGlobalSection
	GlobalSection(ExtensibilityGlobals) = postSolution
		SolutionGuid = {34E7031A-FC95-493B-AF35-84F2C1C12237}
	EndGlobalSection
EndGlobal
